
Microsoft Visual Studio Solution File, Format Version 12.00
# Visual Studio Version 16
VisualStudioVersion = 16.0.30011.22
MinimumVisualStudioVersion = 10.0.40219.1
Project("{FAE04EC0-301F-11D3-BF4B-00C04F79EFBC}") = "NorthwindApp", "NorthwindApp\NorthwindApp.csproj", "{490EB27A-BAD7-40E7-9A9F-4512D9AD8AA9}"
EndProject
Project("{FAE04EC0-301F-11D3-BF4B-00C04F79EFBC}") = "NorthwindApp.BLL", "NorthwindApp.BLL\NorthwindApp.BLL.csproj", "{2AD8AF94-E105-4F18-B07B-2F9E91583811}"
EndProject
Project("{FAE04EC0-301F-11D3-BF4B-00C04F79EFBC}") = "NorthwindApp.DAL", "NorthwindApp.DAL\NorthwindApp.DAL.csproj", "{795D3563-9D53-4DF1-A765-486BA2609C01}"
EndProject
Project("{FAE04EC0-301F-11D3-BF4B-00C04F79EFBC}") = "NorthwindApp.Tests", "NorthwindApp.Tests\NorthwindApp.Tests.csproj", "{319321D6-A01C-494D-AB01-73C3AA2886FD}"
EndProject
Global
	GlobalSection(SolutionConfigurationPlatforms) = preSolution
		Debug|Any CPU = Debug|Any CPU
		Release|Any CPU = Release|Any CPU
	EndGlobalSection
	GlobalSection(ProjectConfigurationPlatforms) = postSolution
		{490EB27A-BAD7-40E7-9A9F-4512D9AD8AA9}.Debug|Any CPU.ActiveCfg = Debug|Any CPU
		{490EB27A-BAD7-40E7-9A9F-4512D9AD8AA9}.Debug|Any CPU.Build.0 = Debug|Any CPU
		{490EB27A-BAD7-40E7-9A9F-4512D9AD8AA9}.Release|Any CPU.ActiveCfg = Release|Any CPU
		{490EB27A-BAD7-40E7-9A9F-4512D9AD8AA9}.Release|Any CPU.Build.0 = Release|Any CPU
		{2AD8AF94-E105-4F18-B07B-2F9E91583811}.Debug|Any CPU.ActiveCfg = Debug|Any CPU
		{2AD8AF94-E105-4F18-B07B-2F9E91583811}.Debug|Any CPU.Build.0 = Debug|Any CPU
		{2AD8AF94-E105-4F18-B07B-2F9E91583811}.Release|Any CPU.ActiveCfg = Release|Any CPU
		{2AD8AF94-E105-4F18-B07B-2F9E91583811}.Release|Any CPU.Build.0 = Release|Any CPU
		{795D3563-9D53-4DF1-A765-486BA2609C01}.Debug|Any CPU.ActiveCfg = Debug|Any CPU
		{795D3563-9D53-4DF1-A765-486BA2609C01}.Debug|Any CPU.Build.0 = Debug|Any CPU
		{795D3563-9D53-4DF1-A765-486BA2609C01}.Release|Any CPU.ActiveCfg = Release|Any CPU
		{795D3563-9D53-4DF1-A765-486BA2609C01}.Release|Any CPU.Build.0 = Release|Any CPU
		{319321D6-A01C-494D-AB01-73C3AA2886FD}.Debug|Any CPU.ActiveCfg = Debug|Any CPU
		{319321D6-A01C-494D-AB01-73C3AA2886FD}.Debug|Any CPU.Build.0 = Debug|Any CPU
		{319321D6-A01C-494D-AB01-73C3AA2886FD}.Release|Any CPU.ActiveCfg = Release|Any CPU
		{319321D6-A01C-494D-AB01-73C3AA2886FD}.Release|Any CPU.Build.0 = Release|Any CPU
	EndGlobalSection
	GlobalSection(SolutionProperties) = preSolution
		HideSolutionNode = FALSE
	EndGlobalSection
	GlobalSection(ExtensibilityGlobals) = postSolution
		SolutionGuid = {C8D5B990-EB10-4A9F-9EA7-7CD05BDD36D8}
	EndGlobalSection
EndGlobal
