
Microsoft Visual Studio Solution File, Format Version 12.00
# Visual Studio Version 16
VisualStudioVersion = 16.0.30011.22
MinimumVisualStudioVersion = 10.0.40219.1
Project("{9A19103F-16F7-4668-BE54-9A1E7A4F7556}") = "FibonacciNumbersApp", "FibonacciNumbersApp\FibonacciNumbersApp.csproj", "{035644A4-63F8-4E62-A7B9-EF6F09B47889}"
EndProject
Project("{FAE04EC0-301F-11D3-BF4B-00C04F79EFBC}") = "FibonacciNumbersLibrary", "FibonacciNumbersLibrary\FibonacciNumbersLibrary.csproj", "{812DB10C-3FED-45AA-8105-3FE2ACA463DA}"
EndProject
Global
	GlobalSection(SolutionConfigurationPlatforms) = preSolution
		Debug|Any CPU = Debug|Any CPU
		Release|Any CPU = Release|Any CPU
	EndGlobalSection
	GlobalSection(ProjectConfigurationPlatforms) = postSolution
		{035644A4-63F8-4E62-A7B9-EF6F09B47889}.Debug|Any CPU.ActiveCfg = Debug|Any CPU
		{035644A4-63F8-4E62-A7B9-EF6F09B47889}.Debug|Any CPU.Build.0 = Debug|Any CPU
		{035644A4-63F8-4E62-A7B9-EF6F09B47889}.Release|Any CPU.ActiveCfg = Release|Any CPU
		{035644A4-63F8-4E62-A7B9-EF6F09B47889}.Release|Any CPU.Build.0 = Release|Any CPU
		{812DB10C-3FED-45AA-8105-3FE2ACA463DA}.Debug|Any CPU.ActiveCfg = Debug|Any CPU
		{812DB10C-3FED-45AA-8105-3FE2ACA463DA}.Debug|Any CPU.Build.0 = Debug|Any CPU
		{812DB10C-3FED-45AA-8105-3FE2ACA463DA}.Release|Any CPU.ActiveCfg = Release|Any CPU
		{812DB10C-3FED-45AA-8105-3FE2ACA463DA}.Release|Any CPU.Build.0 = Release|Any CPU
	EndGlobalSection
	GlobalSection(SolutionProperties) = preSolution
		HideSolutionNode = FALSE
	EndGlobalSection
	GlobalSection(ExtensibilityGlobals) = postSolution
		SolutionGuid = {ECC3FC57-F24B-4696-B7E3-20FAE25D8766}
	EndGlobalSection
EndGlobal
